
Microsoft Visual Studio Solution File, Format Version 12.00
# Visual Studio 2012
Project("{FAE04EC0-301F-11D3-BF4B-00C04F79EFBC}") = "SingletonTheory.Services.AuthServices", "SingletonTheory.Services.AuthServices\SingletonTheory.Services.AuthServices.csproj", "{31880AE0-113C-4752-B552-192DA98B6C1D}"
EndProject
Project("{FAE04EC0-301F-11D3-BF4B-00C04F79EFBC}") = "SingletonTheory.Services.AuthServices.Tests", "SingletonTheory.Services.AuthServices.Tests\SingletonTheory.Services.AuthServices.Tests.csproj", "{A37CDAA4-9EE5-4B82-B99E-A0141262DE13}"
EndProject
Project("{2150E333-8FDC-42A3-9474-1A3956D46DE8}") = ".nuget", ".nuget", "{61B1FA15-26FD-4F83-A9AB-E22BB4ED58D5}"
	ProjectSection(SolutionItems) = preProject
		.nuget\packages.config = .nuget\packages.config
	EndProjectSection
EndProject
Project("{FAE04EC0-301F-11D3-BF4B-00C04F79EFBC}") = "SingletonTheory.Extentions", "SingletonTheory.Extentions\SingletonTheory.Extentions.csproj", "{3AB95EFE-BEE9-4979-B31B-E5A575788299}"
EndProject
Project("{FAE04EC0-301F-11D3-BF4B-00C04F79EFBC}") = "SingletonTheory.Data", "SingletonTheory.Data\SingletonTheory.Data.csproj", "{D4DEBE86-C4F3-4CC8-BE22-B03EA978F719}"
EndProject
Project("{FAE04EC0-301F-11D3-BF4B-00C04F79EFBC}") = "SingletonTheory.Library", "SingletonTheory.Library\SingletonTheory.Library.csproj", "{520AB5A5-69F2-406B-8ED4-DF85198C3F95}"
EndProject
Project("{FAE04EC0-301F-11D3-BF4B-00C04F79EFBC}") = "SingletonTheory.Library.Tests", "SingletonTheory.Library.Tests\SingletonTheory.Library.Tests.csproj", "{60320E6A-7566-4EC0-B618-E8112F4669ED}"
EndProject
Project("{FAE04EC0-301F-11D3-BF4B-00C04F79EFBC}") = "SingletonTheory.Services.Web.ServiceHost", "SingletonTheory.Services.Web.ServiceHost\SingletonTheory.Services.Web.ServiceHost.csproj", "{71BECC1A-4244-49A9-816A-6FF4901AFDA8}"
EndProject
Project("{FAE04EC0-301F-11D3-BF4B-00C04F79EFBC}") = "SingletonTheory.Services.Windows.ServiceHost", "SingletonTheory.Services.Windows.ServiceHost\SingletonTheory.Services.Windows.ServiceHost.csproj", "{67E08C89-2863-4A58-9DD0-920534EF9F74}"
EndProject
Global
	GlobalSection(SolutionConfigurationPlatforms) = preSolution
		Debug|Any CPU = Debug|Any CPU
		Debug|Mixed Platforms = Debug|Mixed Platforms
		Debug|x86 = Debug|x86
		Productie|Any CPU = Productie|Any CPU
		Productie|Mixed Platforms = Productie|Mixed Platforms
		Productie|x86 = Productie|x86
		Release|Any CPU = Release|Any CPU
		Release|Mixed Platforms = Release|Mixed Platforms
		Release|x86 = Release|x86
		Test|Any CPU = Test|Any CPU
		Test|Mixed Platforms = Test|Mixed Platforms
		Test|x86 = Test|x86
	EndGlobalSection
	GlobalSection(ProjectConfigurationPlatforms) = postSolution
		{31880AE0-113C-4752-B552-192DA98B6C1D}.Debug|Any CPU.ActiveCfg = Debug|Any CPU
		{31880AE0-113C-4752-B552-192DA98B6C1D}.Debug|Any CPU.Build.0 = Debug|Any CPU
		{31880AE0-113C-4752-B552-192DA98B6C1D}.Debug|Mixed Platforms.ActiveCfg = Debug|Any CPU
		{31880AE0-113C-4752-B552-192DA98B6C1D}.Debug|Mixed Platforms.Build.0 = Debug|Any CPU
		{31880AE0-113C-4752-B552-192DA98B6C1D}.Debug|x86.ActiveCfg = Debug|Any CPU
		{31880AE0-113C-4752-B552-192DA98B6C1D}.Productie|Any CPU.ActiveCfg = Release|Any CPU
		{31880AE0-113C-4752-B552-192DA98B6C1D}.Productie|Any CPU.Build.0 = Release|Any CPU
		{31880AE0-113C-4752-B552-192DA98B6C1D}.Productie|Mixed Platforms.ActiveCfg = Release|Any CPU
		{31880AE0-113C-4752-B552-192DA98B6C1D}.Productie|Mixed Platforms.Build.0 = Release|Any CPU
		{31880AE0-113C-4752-B552-192DA98B6C1D}.Productie|x86.ActiveCfg = Release|Any CPU
		{31880AE0-113C-4752-B552-192DA98B6C1D}.Release|Any CPU.ActiveCfg = Release|Any CPU
		{31880AE0-113C-4752-B552-192DA98B6C1D}.Release|Any CPU.Build.0 = Release|Any CPU
		{31880AE0-113C-4752-B552-192DA98B6C1D}.Release|Mixed Platforms.ActiveCfg = Release|Any CPU
		{31880AE0-113C-4752-B552-192DA98B6C1D}.Release|Mixed Platforms.Build.0 = Release|Any CPU
		{31880AE0-113C-4752-B552-192DA98B6C1D}.Release|x86.ActiveCfg = Release|Any CPU
		{31880AE0-113C-4752-B552-192DA98B6C1D}.Test|Any CPU.ActiveCfg = Release|Any CPU
		{31880AE0-113C-4752-B552-192DA98B6C1D}.Test|Any CPU.Build.0 = Release|Any CPU
		{31880AE0-113C-4752-B552-192DA98B6C1D}.Test|Mixed Platforms.ActiveCfg = Release|Any CPU
		{31880AE0-113C-4752-B552-192DA98B6C1D}.Test|Mixed Platforms.Build.0 = Release|Any CPU
		{31880AE0-113C-4752-B552-192DA98B6C1D}.Test|x86.ActiveCfg = Release|Any CPU
		{A37CDAA4-9EE5-4B82-B99E-A0141262DE13}.Debug|Any CPU.ActiveCfg = Debug|Any CPU
		{A37CDAA4-9EE5-4B82-B99E-A0141262DE13}.Debug|Any CPU.Build.0 = Debug|Any CPU
		{A37CDAA4-9EE5-4B82-B99E-A0141262DE13}.Debug|Mixed Platforms.ActiveCfg = Debug|Any CPU
		{A37CDAA4-9EE5-4B82-B99E-A0141262DE13}.Debug|Mixed Platforms.Build.0 = Debug|Any CPU
		{A37CDAA4-9EE5-4B82-B99E-A0141262DE13}.Debug|x86.ActiveCfg = Debug|Any CPU
		{A37CDAA4-9EE5-4B82-B99E-A0141262DE13}.Productie|Any CPU.ActiveCfg = Release|Any CPU
		{A37CDAA4-9EE5-4B82-B99E-A0141262DE13}.Productie|Any CPU.Build.0 = Release|Any CPU
		{A37CDAA4-9EE5-4B82-B99E-A0141262DE13}.Productie|Mixed Platforms.ActiveCfg = Release|Any CPU
		{A37CDAA4-9EE5-4B82-B99E-A0141262DE13}.Productie|Mixed Platforms.Build.0 = Release|Any CPU
		{A37CDAA4-9EE5-4B82-B99E-A0141262DE13}.Productie|x86.ActiveCfg = Release|Any CPU
		{A37CDAA4-9EE5-4B82-B99E-A0141262DE13}.Release|Any CPU.ActiveCfg = Release|Any CPU
		{A37CDAA4-9EE5-4B82-B99E-A0141262DE13}.Release|Any CPU.Build.0 = Release|Any CPU
		{A37CDAA4-9EE5-4B82-B99E-A0141262DE13}.Release|Mixed Platforms.ActiveCfg = Release|Any CPU
		{A37CDAA4-9EE5-4B82-B99E-A0141262DE13}.Release|Mixed Platforms.Build.0 = Release|Any CPU
		{A37CDAA4-9EE5-4B82-B99E-A0141262DE13}.Release|x86.ActiveCfg = Release|Any CPU
		{A37CDAA4-9EE5-4B82-B99E-A0141262DE13}.Test|Any CPU.ActiveCfg = Release|Any CPU
		{A37CDAA4-9EE5-4B82-B99E-A0141262DE13}.Test|Any CPU.Build.0 = Release|Any CPU
		{A37CDAA4-9EE5-4B82-B99E-A0141262DE13}.Test|Mixed Platforms.ActiveCfg = Release|Any CPU
		{A37CDAA4-9EE5-4B82-B99E-A0141262DE13}.Test|Mixed Platforms.Build.0 = Release|Any CPU
		{A37CDAA4-9EE5-4B82-B99E-A0141262DE13}.Test|x86.ActiveCfg = Release|Any CPU
		{3AB95EFE-BEE9-4979-B31B-E5A575788299}.Debug|Any CPU.ActiveCfg = Debug|Any CPU
		{3AB95EFE-BEE9-4979-B31B-E5A575788299}.Debug|Any CPU.Build.0 = Debug|Any CPU
		{3AB95EFE-BEE9-4979-B31B-E5A575788299}.Debug|Mixed Platforms.ActiveCfg = Debug|Any CPU
		{3AB95EFE-BEE9-4979-B31B-E5A575788299}.Debug|Mixed Platforms.Build.0 = Debug|Any CPU
		{3AB95EFE-BEE9-4979-B31B-E5A575788299}.Debug|x86.ActiveCfg = Debug|Any CPU
		{3AB95EFE-BEE9-4979-B31B-E5A575788299}.Productie|Any CPU.ActiveCfg = Release|Any CPU
		{3AB95EFE-BEE9-4979-B31B-E5A575788299}.Productie|Any CPU.Build.0 = Release|Any CPU
		{3AB95EFE-BEE9-4979-B31B-E5A575788299}.Productie|Mixed Platforms.ActiveCfg = Release|Any CPU
		{3AB95EFE-BEE9-4979-B31B-E5A575788299}.Productie|Mixed Platforms.Build.0 = Release|Any CPU
		{3AB95EFE-BEE9-4979-B31B-E5A575788299}.Productie|x86.ActiveCfg = Release|Any CPU
		{3AB95EFE-BEE9-4979-B31B-E5A575788299}.Release|Any CPU.ActiveCfg = Release|Any CPU
		{3AB95EFE-BEE9-4979-B31B-E5A575788299}.Release|Any CPU.Build.0 = Release|Any CPU
		{3AB95EFE-BEE9-4979-B31B-E5A575788299}.Release|Mixed Platforms.ActiveCfg = Release|Any CPU
		{3AB95EFE-BEE9-4979-B31B-E5A575788299}.Release|Mixed Platforms.Build.0 = Release|Any CPU
		{3AB95EFE-BEE9-4979-B31B-E5A575788299}.Release|x86.ActiveCfg = Release|Any CPU
		{3AB95EFE-BEE9-4979-B31B-E5A575788299}.Test|Any CPU.ActiveCfg = Release|Any CPU
		{3AB95EFE-BEE9-4979-B31B-E5A575788299}.Test|Any CPU.Build.0 = Release|Any CPU
		{3AB95EFE-BEE9-4979-B31B-E5A575788299}.Test|Mixed Platforms.ActiveCfg = Release|Any CPU
		{3AB95EFE-BEE9-4979-B31B-E5A575788299}.Test|Mixed Platforms.Build.0 = Release|Any CPU
		{3AB95EFE-BEE9-4979-B31B-E5A575788299}.Test|x86.ActiveCfg = Release|Any CPU
		{D4DEBE86-C4F3-4CC8-BE22-B03EA978F719}.Debug|Any CPU.ActiveCfg = Debug|Any CPU
		{D4DEBE86-C4F3-4CC8-BE22-B03EA978F719}.Debug|Any CPU.Build.0 = Debug|Any CPU
		{D4DEBE86-C4F3-4CC8-BE22-B03EA978F719}.Debug|Mixed Platforms.ActiveCfg = Debug|Any CPU
		{D4DEBE86-C4F3-4CC8-BE22-B03EA978F719}.Debug|Mixed Platforms.Build.0 = Debug|Any CPU
		{D4DEBE86-C4F3-4CC8-BE22-B03EA978F719}.Debug|x86.ActiveCfg = Debug|Any CPU
		{D4DEBE86-C4F3-4CC8-BE22-B03EA978F719}.Productie|Any CPU.ActiveCfg = Release|Any CPU
		{D4DEBE86-C4F3-4CC8-BE22-B03EA978F719}.Productie|Any CPU.Build.0 = Release|Any CPU
		{D4DEBE86-C4F3-4CC8-BE22-B03EA978F719}.Productie|Mixed Platforms.ActiveCfg = Release|Any CPU
		{D4DEBE86-C4F3-4CC8-BE22-B03EA978F719}.Productie|Mixed Platforms.Build.0 = Release|Any CPU
		{D4DEBE86-C4F3-4CC8-BE22-B03EA978F719}.Productie|x86.ActiveCfg = Release|Any CPU
		{D4DEBE86-C4F3-4CC8-BE22-B03EA978F719}.Release|Any CPU.ActiveCfg = Release|Any CPU
		{D4DEBE86-C4F3-4CC8-BE22-B03EA978F719}.Release|Any CPU.Build.0 = Release|Any CPU
		{D4DEBE86-C4F3-4CC8-BE22-B03EA978F719}.Release|Mixed Platforms.ActiveCfg = Release|Any CPU
		{D4DEBE86-C4F3-4CC8-BE22-B03EA978F719}.Release|Mixed Platforms.Build.0 = Release|Any CPU
		{D4DEBE86-C4F3-4CC8-BE22-B03EA978F719}.Release|x86.ActiveCfg = Release|Any CPU
		{D4DEBE86-C4F3-4CC8-BE22-B03EA978F719}.Test|Any CPU.ActiveCfg = Release|Any CPU
		{D4DEBE86-C4F3-4CC8-BE22-B03EA978F719}.Test|Any CPU.Build.0 = Release|Any CPU
		{D4DEBE86-C4F3-4CC8-BE22-B03EA978F719}.Test|Mixed Platforms.ActiveCfg = Release|Any CPU
		{D4DEBE86-C4F3-4CC8-BE22-B03EA978F719}.Test|Mixed Platforms.Build.0 = Release|Any CPU
		{D4DEBE86-C4F3-4CC8-BE22-B03EA978F719}.Test|x86.ActiveCfg = Release|Any CPU
		{520AB5A5-69F2-406B-8ED4-DF85198C3F95}.Debug|Any CPU.ActiveCfg = Debug|Any CPU
		{520AB5A5-69F2-406B-8ED4-DF85198C3F95}.Debug|Any CPU.Build.0 = Debug|Any CPU
		{520AB5A5-69F2-406B-8ED4-DF85198C3F95}.Debug|Mixed Platforms.ActiveCfg = Debug|Any CPU
		{520AB5A5-69F2-406B-8ED4-DF85198C3F95}.Debug|Mixed Platforms.Build.0 = Debug|Any CPU
		{520AB5A5-69F2-406B-8ED4-DF85198C3F95}.Debug|x86.ActiveCfg = Debug|Any CPU
		{520AB5A5-69F2-406B-8ED4-DF85198C3F95}.Productie|Any CPU.ActiveCfg = Productie|Any CPU
		{520AB5A5-69F2-406B-8ED4-DF85198C3F95}.Productie|Any CPU.Build.0 = Productie|Any CPU
		{520AB5A5-69F2-406B-8ED4-DF85198C3F95}.Productie|Mixed Platforms.ActiveCfg = Productie|Any CPU
		{520AB5A5-69F2-406B-8ED4-DF85198C3F95}.Productie|Mixed Platforms.Build.0 = Productie|Any CPU
		{520AB5A5-69F2-406B-8ED4-DF85198C3F95}.Productie|x86.ActiveCfg = Productie|Any CPU
		{520AB5A5-69F2-406B-8ED4-DF85198C3F95}.Release|Any CPU.ActiveCfg = Release|Any CPU
		{520AB5A5-69F2-406B-8ED4-DF85198C3F95}.Release|Any CPU.Build.0 = Release|Any CPU
		{520AB5A5-69F2-406B-8ED4-DF85198C3F95}.Release|Mixed Platforms.ActiveCfg = Release|Any CPU
		{520AB5A5-69F2-406B-8ED4-DF85198C3F95}.Release|Mixed Platforms.Build.0 = Release|Any CPU
		{520AB5A5-69F2-406B-8ED4-DF85198C3F95}.Release|x86.ActiveCfg = Release|Any CPU
		{520AB5A5-69F2-406B-8ED4-DF85198C3F95}.Test|Any CPU.ActiveCfg = Test|Any CPU
		{520AB5A5-69F2-406B-8ED4-DF85198C3F95}.Test|Any CPU.Build.0 = Test|Any CPU
		{520AB5A5-69F2-406B-8ED4-DF85198C3F95}.Test|Mixed Platforms.ActiveCfg = Test|Any CPU
		{520AB5A5-69F2-406B-8ED4-DF85198C3F95}.Test|Mixed Platforms.Build.0 = Test|Any CPU
		{520AB5A5-69F2-406B-8ED4-DF85198C3F95}.Test|x86.ActiveCfg = Test|Any CPU
		{60320E6A-7566-4EC0-B618-E8112F4669ED}.Debug|Any CPU.ActiveCfg = Debug|Any CPU
		{60320E6A-7566-4EC0-B618-E8112F4669ED}.Debug|Any CPU.Build.0 = Debug|Any CPU
		{60320E6A-7566-4EC0-B618-E8112F4669ED}.Debug|Mixed Platforms.ActiveCfg = Debug|Any CPU
		{60320E6A-7566-4EC0-B618-E8112F4669ED}.Debug|Mixed Platforms.Build.0 = Debug|Any CPU
		{60320E6A-7566-4EC0-B618-E8112F4669ED}.Debug|x86.ActiveCfg = Debug|Any CPU
		{60320E6A-7566-4EC0-B618-E8112F4669ED}.Productie|Any CPU.ActiveCfg = Release|Any CPU
		{60320E6A-7566-4EC0-B618-E8112F4669ED}.Productie|Any CPU.Build.0 = Release|Any CPU
		{60320E6A-7566-4EC0-B618-E8112F4669ED}.Productie|Mixed Platforms.ActiveCfg = Release|Any CPU
		{60320E6A-7566-4EC0-B618-E8112F4669ED}.Productie|Mixed Platforms.Build.0 = Release|Any CPU
		{60320E6A-7566-4EC0-B618-E8112F4669ED}.Productie|x86.ActiveCfg = Release|Any CPU
		{60320E6A-7566-4EC0-B618-E8112F4669ED}.Release|Any CPU.ActiveCfg = Release|Any CPU
		{60320E6A-7566-4EC0-B618-E8112F4669ED}.Release|Any CPU.Build.0 = Release|Any CPU
		{60320E6A-7566-4EC0-B618-E8112F4669ED}.Release|Mixed Platforms.ActiveCfg = Release|Any CPU
		{60320E6A-7566-4EC0-B618-E8112F4669ED}.Release|Mixed Platforms.Build.0 = Release|Any CPU
		{60320E6A-7566-4EC0-B618-E8112F4669ED}.Release|x86.ActiveCfg = Release|Any CPU
		{60320E6A-7566-4EC0-B618-E8112F4669ED}.Test|Any CPU.ActiveCfg = Release|Any CPU
		{60320E6A-7566-4EC0-B618-E8112F4669ED}.Test|Any CPU.Build.0 = Release|Any CPU
		{60320E6A-7566-4EC0-B618-E8112F4669ED}.Test|Mixed Platforms.ActiveCfg = Release|Any CPU
		{60320E6A-7566-4EC0-B618-E8112F4669ED}.Test|Mixed Platforms.Build.0 = Release|Any CPU
		{60320E6A-7566-4EC0-B618-E8112F4669ED}.Test|x86.ActiveCfg = Release|Any CPU
		{71BECC1A-4244-49A9-816A-6FF4901AFDA8}.Debug|Any CPU.ActiveCfg = Debug|Any CPU
		{71BECC1A-4244-49A9-816A-6FF4901AFDA8}.Debug|Any CPU.Build.0 = Debug|Any CPU
		{71BECC1A-4244-49A9-816A-6FF4901AFDA8}.Debug|Mixed Platforms.ActiveCfg = Debug|Any CPU
		{71BECC1A-4244-49A9-816A-6FF4901AFDA8}.Debug|Mixed Platforms.Build.0 = Debug|Any CPU
		{71BECC1A-4244-49A9-816A-6FF4901AFDA8}.Debug|x86.ActiveCfg = Debug|Any CPU
		{71BECC1A-4244-49A9-816A-6FF4901AFDA8}.Productie|Any CPU.ActiveCfg = Release|Any CPU
		{71BECC1A-4244-49A9-816A-6FF4901AFDA8}.Productie|Any CPU.Build.0 = Release|Any CPU
		{71BECC1A-4244-49A9-816A-6FF4901AFDA8}.Productie|Mixed Platforms.ActiveCfg = Release|Any CPU
		{71BECC1A-4244-49A9-816A-6FF4901AFDA8}.Productie|Mixed Platforms.Build.0 = Release|Any CPU
		{71BECC1A-4244-49A9-816A-6FF4901AFDA8}.Productie|x86.ActiveCfg = Release|Any CPU
		{71BECC1A-4244-49A9-816A-6FF4901AFDA8}.Release|Any CPU.ActiveCfg = Release|Any CPU
		{71BECC1A-4244-49A9-816A-6FF4901AFDA8}.Release|Any CPU.Build.0 = Release|Any CPU
		{71BECC1A-4244-49A9-816A-6FF4901AFDA8}.Release|Mixed Platforms.ActiveCfg = Release|Any CPU
		{71BECC1A-4244-49A9-816A-6FF4901AFDA8}.Release|Mixed Platforms.Build.0 = Release|Any CPU
		{71BECC1A-4244-49A9-816A-6FF4901AFDA8}.Release|x86.ActiveCfg = Release|Any CPU
		{71BECC1A-4244-49A9-816A-6FF4901AFDA8}.Test|Any CPU.ActiveCfg = Release|Any CPU
		{71BECC1A-4244-49A9-816A-6FF4901AFDA8}.Test|Any CPU.Build.0 = Release|Any CPU
		{71BECC1A-4244-49A9-816A-6FF4901AFDA8}.Test|Mixed Platforms.ActiveCfg = Release|Any CPU
		{71BECC1A-4244-49A9-816A-6FF4901AFDA8}.Test|Mixed Platforms.Build.0 = Release|Any CPU
		{71BECC1A-4244-49A9-816A-6FF4901AFDA8}.Test|x86.ActiveCfg = Release|Any CPU
		{67E08C89-2863-4A58-9DD0-920534EF9F74}.Debug|Any CPU.ActiveCfg = Debug|x86
		{67E08C89-2863-4A58-9DD0-920534EF9F74}.Debug|Mixed Platforms.ActiveCfg = Debug|x86
		{67E08C89-2863-4A58-9DD0-920534EF9F74}.Debug|Mixed Platforms.Build.0 = Debug|x86
		{67E08C89-2863-4A58-9DD0-920534EF9F74}.Debug|x86.ActiveCfg = Debug|x86
		{67E08C89-2863-4A58-9DD0-920534EF9F74}.Debug|x86.Build.0 = Debug|x86
		{67E08C89-2863-4A58-9DD0-920534EF9F74}.Productie|Any CPU.ActiveCfg = Release|x86
		{67E08C89-2863-4A58-9DD0-920534EF9F74}.Productie|Mixed Platforms.ActiveCfg = Release|x86
		{67E08C89-2863-4A58-9DD0-920534EF9F74}.Productie|Mixed Platforms.Build.0 = Release|x86
		{67E08C89-2863-4A58-9DD0-920534EF9F74}.Productie|x86.ActiveCfg = Release|x86
		{67E08C89-2863-4A58-9DD0-920534EF9F74}.Productie|x86.Build.0 = Release|x86
		{67E08C89-2863-4A58-9DD0-920534EF9F74}.Release|Any CPU.ActiveCfg = Release|x86
		{67E08C89-2863-4A58-9DD0-920534EF9F74}.Release|Mixed Platforms.ActiveCfg = Release|x86
		{67E08C89-2863-4A58-9DD0-920534EF9F74}.Release|Mixed Platforms.Build.0 = Release|x86
		{67E08C89-2863-4A58-9DD0-920534EF9F74}.Release|x86.ActiveCfg = Release|x86
		{67E08C89-2863-4A58-9DD0-920534EF9F74}.Release|x86.Build.0 = Release|x86
		{67E08C89-2863-4A58-9DD0-920534EF9F74}.Test|Any CPU.ActiveCfg = Release|x86
		{67E08C89-2863-4A58-9DD0-920534EF9F74}.Test|Mixed Platforms.ActiveCfg = Release|x86
		{67E08C89-2863-4A58-9DD0-920534EF9F74}.Test|Mixed Platforms.Build.0 = Release|x86
		{67E08C89-2863-4A58-9DD0-920534EF9F74}.Test|x86.ActiveCfg = Release|x86
		{67E08C89-2863-4A58-9DD0-920534EF9F74}.Test|x86.Build.0 = Release|x86
	EndGlobalSection
	GlobalSection(SolutionProperties) = preSolution
		HideSolutionNode = FALSE
	EndGlobalSection
EndGlobal
